
Microsoft Visual Studio Solution File, Format Version 12.00
Project("{2150E333-8FDC-42A3-9474-1A3956D46DE8}") = ".github", ".github", "{F93BC7CB-AA9F-4C66-9D9E-58A73782BF8E}"
EndProject
Project("{2150E333-8FDC-42A3-9474-1A3956D46DE8}") = "src", "src", "{3DAB9B5D-1CC0-4CB2-8019-A419AD88407F}"
EndProject
Project("{2150E333-8FDC-42A3-9474-1A3956D46DE8}") = "workflows", "workflows", "{3C50C075-9467-44B8-BC6A-65EA8C951ECB}"
	ProjectSection(SolutionItems) = preProject
		.github\workflows\essential-frame-cache-deploy.yml = .github\workflows\essential-frame-cache-deploy.yml
		.github\workflows\essential-frame-cache.yml = .github\workflows\essential-frame-cache.yml
		.github\workflows\essential-frame-core-deploy.yml = .github\workflows\essential-frame-core-deploy.yml
		.github\workflows\essential-frame-core.yml = .github\workflows\essential-frame-core.yml
		.github\workflows\essential-frame-cqrs-autofac-deploy.yml = .github\workflows\essential-frame-cqrs-autofac-deploy.yml
		.github\workflows\essential-frame-cqrs-autofac.yml = .github\workflows\essential-frame-cqrs-autofac.yml
		.github\workflows\essential-frame-cqrs-deploy.yml = .github\workflows\essential-frame-cqrs-deploy.yml
		.github\workflows\essential-frame-cqrs-errors-deploy.yml = .github\workflows\essential-frame-cqrs-errors-deploy.yml
		.github\workflows\essential-frame-cqrs-errors-handling-deploy.yml = .github\workflows\essential-frame-cqrs-errors-handling-deploy.yml
		.github\workflows\essential-frame-cqrs-errors-handling.yml = .github\workflows\essential-frame-cqrs-errors-handling.yml
		.github\workflows\essential-frame-cqrs-errors.yml = .github\workflows\essential-frame-cqrs-errors.yml
		.github\workflows\essential-frame-cqrs-logging-autofac-deploy.yml = .github\workflows\essential-frame-cqrs-logging-autofac-deploy.yml
		.github\workflows\essential-frame-cqrs-logging-autofac.yml = .github\workflows\essential-frame-cqrs-logging-autofac.yml
		.github\workflows\essential-frame-cqrs-logging-deploy.yml = .github\workflows\essential-frame-cqrs-logging-deploy.yml
		.github\workflows\essential-frame-cqrs-logging.yml = .github\workflows\essential-frame-cqrs-logging.yml
		.github\workflows\essential-frame-cqrs-validations-deploy.yml = .github\workflows\essential-frame-cqrs-validations-deploy.yml
		.github\workflows\essential-frame-cqrs-validations.yml = .github\workflows\essential-frame-cqrs-validations.yml
		.github\workflows\essential-frame-cqrs.yml = .github\workflows\essential-frame-cqrs.yml
		.github\workflows\essential-frame-domain-deploy.yml = .github\workflows\essential-frame-domain-deploy.yml
		.github\workflows\essential-frame-domain.yml = .github\workflows\essential-frame-domain.yml
		.github\workflows\essential-frame-identity-deploy.yml = .github\workflows\essential-frame-identity-deploy.yml
		.github\workflows\essential-frame-identity.yml = .github\workflows\essential-frame-identity.yml
		.github\workflows\essential-frame-inbox-deploy.yml = .github\workflows\essential-frame-inbox-deploy.yml
		.github\workflows\essential-frame-inbox.yml = .github\workflows\essential-frame-inbox.yml
		.github\workflows\essential-frame-outbox-deploy.yml = .github\workflows\essential-frame-outbox-deploy.yml
		.github\workflows\essential-frame-outbox.yml = .github\workflows\essential-frame-outbox.yml
		.github\workflows\essential-frame-serialization-deploy.yml = .github\workflows\essential-frame-serialization-deploy.yml
		.github\workflows\essential-frame-serialization.yml = .github\workflows\essential-frame-serialization.yml
		.github\workflows\essential-frame-snapshots-deploy.yml = .github\workflows\essential-frame-snapshots-deploy.yml
		.github\workflows\essential-frame-snapshots.yml = .github\workflows\essential-frame-snapshots.yml
		.github\workflows\essential-frame-validations-autofac-deploy.yml = .github\workflows\essential-frame-validations-autofac-deploy.yml
		.github\workflows\essential-frame-validations-autofac.yml = .github\workflows\essential-frame-validations-autofac.yml
		.github\workflows\essential-frame-cqrs-commands-deploy.yml = .github\workflows\essential-frame-cqrs-commands-deploy.yml
		.github\workflows\essential-frame-cqrs-commands.yml = .github\workflows\essential-frame-cqrs-commands.yml
		.github\workflows\essential-frame-cqrs-queries-deploy.yml = .github\workflows\essential-frame-cqrs-queries-deploy.yml
		.github\workflows\essential-frame-cqrs-queries.yml = .github\workflows\essential-frame-cqrs-queries.yml
	EndProjectSection
EndProject
Project("{FAE04EC0-301F-11D3-BF4B-00C04F79EFBC}") = "EssentialFrame.Cqrs.Commands", "src\EssentialFrame.Cqrs.Commands\EssentialFrame.Cqrs.Commands.csproj", "{F00B2431-40BD-4C22-B56F-B61680E4D2CC}"
EndProject
Project("{FAE04EC0-301F-11D3-BF4B-00C04F79EFBC}") = "EssentialFrame.Cqrs.Queries", "src\EssentialFrame.Cqrs.Queries\EssentialFrame.Cqrs.Queries.csproj", "{FCB7417A-F5F8-4219-88D5-0684BB1138F0}"
EndProject
Project("{FAE04EC0-301F-11D3-BF4B-00C04F79EFBC}") = "EssentialFrame.Serialization", "src\EssentialFrame.Serialization\EssentialFrame.Serialization.csproj", "{7FDA040D-3DEB-4F16-B56B-3287A836352F}"
EndProject
Project("{FAE04EC0-301F-11D3-BF4B-00C04F79EFBC}") = "EssentialFrame.Domain", "src\EssentialFrame.Domain\EssentialFrame.Domain.csproj", "{5764B297-28A2-4ACA-AEBD-4CFF86DBFE4A}"
EndProject
Project("{FAE04EC0-301F-11D3-BF4B-00C04F79EFBC}") = "EssentialFrame.Cache", "src\EssentialFrame.Cache\EssentialFrame.Cache.csproj", "{C5235EAD-6B2A-4A7A-8232-227B7ABF93D5}"
EndProject
Project("{FAE04EC0-301F-11D3-BF4B-00C04F79EFBC}") = "EssentialFrame.Outbox", "src\EssentialFrame.Outbox\EssentialFrame.Outbox.csproj", "{4507B9E6-9368-4CF2-BED4-FBF4E22FF6A6}"
EndProject
Project("{FAE04EC0-301F-11D3-BF4B-00C04F79EFBC}") = "EssentialFrame.Inbox", "src\EssentialFrame.Inbox\EssentialFrame.Inbox.csproj", "{49B091B2-6DE1-422B-93D6-4E886D529831}"
EndProject
Project("{FAE04EC0-301F-11D3-BF4B-00C04F79EFBC}") = "EssentialFrame.Core", "src\EssentialFrame.Core\EssentialFrame.Core.csproj", "{DDC2DA58-924E-43B1-87EB-ABDC8EB74621}"
EndProject
Project("{FAE04EC0-301F-11D3-BF4B-00C04F79EFBC}") = "EssentialFrame.BackgroundTasks", "src\EssentialFrame.BackgroundTasks\EssentialFrame.BackgroundTasks.csproj", "{BB5537C0-B98A-4490-928E-8CC48A84D753}"
EndProject
Project("{FAE04EC0-301F-11D3-BF4B-00C04F79EFBC}") = "EssentialFrame.Serialization.SpanJson", "src\EssentialFrame.Serialization.SpanJson\EssentialFrame.Serialization.SpanJson.csproj", "{99FE6F88-44BF-4F73-9B55-896A1083DE68}"
EndProject
Project("{FAE04EC0-301F-11D3-BF4B-00C04F79EFBC}") = "EssentialFrame", "src\EssentialFrame\EssentialFrame.csproj", "{E2511686-C792-4367-A9F4-509ED599691F}"
EndProject
Project("{FAE04EC0-301F-11D3-BF4B-00C04F79EFBC}") = "EssentialFrame.Cqrs.Commands.Autofac", "src\EssentialFrame.Cqrs.Commands.Autofac\EssentialFrame.Cqrs.Commands.Autofac.csproj", "{B8A4A6E3-5B9F-4A5C-8F05-9A0399091AB5}"
EndProject
Project("{FAE04EC0-301F-11D3-BF4B-00C04F79EFBC}") = "EssentialFrame.Cqrs.Queries.Autofac", "src\EssentialFrame.Cqrs.Queries.Autofac\EssentialFrame.Cqrs.Queries.Autofac.csproj", "{F25A8C12-DEA5-4306-B87B-39040A109D48}"
EndProject
Project("{FAE04EC0-301F-11D3-BF4B-00C04F79EFBC}") = "EssentialFrame.Serialization.SpanJson.Autofac", "src\EssentialFrame.Serialization.SpanJson.Autofac\EssentialFrame.Serialization.SpanJson.Autofac.csproj", "{8966DEB2-649A-478A-B011-42A6E9D685AF}"
EndProject
Project("{FAE04EC0-301F-11D3-BF4B-00C04F79EFBC}") = "EssentialFrame.Cache.MemoryCache", "src\EssentialFrame.Cache.MemoryCache\EssentialFrame.Cache.MemoryCache.csproj", "{B5EA6FDA-B4E1-492E-B8BB-4C2741A954B8}"
EndProject
Project("{FAE04EC0-301F-11D3-BF4B-00C04F79EFBC}") = "EssentialFrame.Cache.MemoryCache.Autofac", "src\EssentialFrame.Cache.MemoryCache.Autofac\EssentialFrame.Cache.MemoryCache.Autofac.csproj", "{F7FECBC3-3581-4C45-B7FA-6B9AB9888159}"
EndProject
Project("{FAE04EC0-301F-11D3-BF4B-00C04F79EFBC}") = "EssentialFrame.Autofac", "src\EssentialFrame.Autofac\EssentialFrame.Autofac.csproj", "{EDDA9371-5203-4E77-9462-CFAB05D81C58}"
EndProject
Project("{FAE04EC0-301F-11D3-BF4B-00C04F79EFBC}") = "EssentialFrame.Cqrs.Commands.Store", "src\EssentialFrame.Cqrs.Commands.Store\EssentialFrame.Cqrs.Commands.Store.csproj", "{6B50DDC4-C9D2-4120-8C04-6B46C36CD30B}"
EndProject
Project("{FAE04EC0-301F-11D3-BF4B-00C04F79EFBC}") = "EssentialFrame.Cqrs.Commands.Scheduling", "src\EssentialFrame.Cqrs.Commands.Scheduling\EssentialFrame.Cqrs.Commands.Scheduling.csproj", "{7C8719FC-113E-4664-9F64-4C8DE73A62A5}"
EndProject
Project("{FAE04EC0-301F-11D3-BF4B-00C04F79EFBC}") = "EssentialFrame.Cqrs.Commands.Scheduling.Autofac", "src\EssentialFrame.Cqrs.Commands.Scheduling.Autofac\EssentialFrame.Cqrs.Commands.Scheduling.Autofac.csproj", "{6B63C4E9-D030-4C30-902E-51E745BDB8AD}"
EndProject
Global
	GlobalSection(SolutionConfigurationPlatforms) = preSolution
		Debug|Any CPU = Debug|Any CPU
		Release|Any CPU = Release|Any CPU
	EndGlobalSection
	GlobalSection(NestedProjects) = preSolution
		{3C50C075-9467-44B8-BC6A-65EA8C951ECB} = {F93BC7CB-AA9F-4C66-9D9E-58A73782BF8E}
		{F00B2431-40BD-4C22-B56F-B61680E4D2CC} = {3DAB9B5D-1CC0-4CB2-8019-A419AD88407F}
		{FCB7417A-F5F8-4219-88D5-0684BB1138F0} = {3DAB9B5D-1CC0-4CB2-8019-A419AD88407F}
		{7FDA040D-3DEB-4F16-B56B-3287A836352F} = {3DAB9B5D-1CC0-4CB2-8019-A419AD88407F}
		{5764B297-28A2-4ACA-AEBD-4CFF86DBFE4A} = {3DAB9B5D-1CC0-4CB2-8019-A419AD88407F}
		{C5235EAD-6B2A-4A7A-8232-227B7ABF93D5} = {3DAB9B5D-1CC0-4CB2-8019-A419AD88407F}
		{4507B9E6-9368-4CF2-BED4-FBF4E22FF6A6} = {3DAB9B5D-1CC0-4CB2-8019-A419AD88407F}
		{49B091B2-6DE1-422B-93D6-4E886D529831} = {3DAB9B5D-1CC0-4CB2-8019-A419AD88407F}
		{DDC2DA58-924E-43B1-87EB-ABDC8EB74621} = {3DAB9B5D-1CC0-4CB2-8019-A419AD88407F}
		{BB5537C0-B98A-4490-928E-8CC48A84D753} = {3DAB9B5D-1CC0-4CB2-8019-A419AD88407F}
		{99FE6F88-44BF-4F73-9B55-896A1083DE68} = {3DAB9B5D-1CC0-4CB2-8019-A419AD88407F}
		{E2511686-C792-4367-A9F4-509ED599691F} = {3DAB9B5D-1CC0-4CB2-8019-A419AD88407F}
		{B8A4A6E3-5B9F-4A5C-8F05-9A0399091AB5} = {3DAB9B5D-1CC0-4CB2-8019-A419AD88407F}
		{F25A8C12-DEA5-4306-B87B-39040A109D48} = {3DAB9B5D-1CC0-4CB2-8019-A419AD88407F}
		{8966DEB2-649A-478A-B011-42A6E9D685AF} = {3DAB9B5D-1CC0-4CB2-8019-A419AD88407F}
		{B5EA6FDA-B4E1-492E-B8BB-4C2741A954B8} = {3DAB9B5D-1CC0-4CB2-8019-A419AD88407F}
		{F7FECBC3-3581-4C45-B7FA-6B9AB9888159} = {3DAB9B5D-1CC0-4CB2-8019-A419AD88407F}
		{EDDA9371-5203-4E77-9462-CFAB05D81C58} = {3DAB9B5D-1CC0-4CB2-8019-A419AD88407F}
		{6B50DDC4-C9D2-4120-8C04-6B46C36CD30B} = {3DAB9B5D-1CC0-4CB2-8019-A419AD88407F}
		{7C8719FC-113E-4664-9F64-4C8DE73A62A5} = {3DAB9B5D-1CC0-4CB2-8019-A419AD88407F}
		{6B63C4E9-D030-4C30-902E-51E745BDB8AD} = {3DAB9B5D-1CC0-4CB2-8019-A419AD88407F}
	EndGlobalSection
	GlobalSection(ProjectConfigurationPlatforms) = postSolution
		{F00B2431-40BD-4C22-B56F-B61680E4D2CC}.Debug|Any CPU.ActiveCfg = Debug|Any CPU
		{F00B2431-40BD-4C22-B56F-B61680E4D2CC}.Debug|Any CPU.Build.0 = Debug|Any CPU
		{F00B2431-40BD-4C22-B56F-B61680E4D2CC}.Release|Any CPU.ActiveCfg = Release|Any CPU
		{F00B2431-40BD-4C22-B56F-B61680E4D2CC}.Release|Any CPU.Build.0 = Release|Any CPU
		{FCB7417A-F5F8-4219-88D5-0684BB1138F0}.Debug|Any CPU.ActiveCfg = Debug|Any CPU
		{FCB7417A-F5F8-4219-88D5-0684BB1138F0}.Debug|Any CPU.Build.0 = Debug|Any CPU
		{FCB7417A-F5F8-4219-88D5-0684BB1138F0}.Release|Any CPU.ActiveCfg = Release|Any CPU
		{FCB7417A-F5F8-4219-88D5-0684BB1138F0}.Release|Any CPU.Build.0 = Release|Any CPU
		{7FDA040D-3DEB-4F16-B56B-3287A836352F}.Debug|Any CPU.ActiveCfg = Debug|Any CPU
		{7FDA040D-3DEB-4F16-B56B-3287A836352F}.Debug|Any CPU.Build.0 = Debug|Any CPU
		{7FDA040D-3DEB-4F16-B56B-3287A836352F}.Release|Any CPU.ActiveCfg = Release|Any CPU
		{7FDA040D-3DEB-4F16-B56B-3287A836352F}.Release|Any CPU.Build.0 = Release|Any CPU
		{5764B297-28A2-4ACA-AEBD-4CFF86DBFE4A}.Debug|Any CPU.ActiveCfg = Debug|Any CPU
		{5764B297-28A2-4ACA-AEBD-4CFF86DBFE4A}.Debug|Any CPU.Build.0 = Debug|Any CPU
		{5764B297-28A2-4ACA-AEBD-4CFF86DBFE4A}.Release|Any CPU.ActiveCfg = Release|Any CPU
		{5764B297-28A2-4ACA-AEBD-4CFF86DBFE4A}.Release|Any CPU.Build.0 = Release|Any CPU
		{C5235EAD-6B2A-4A7A-8232-227B7ABF93D5}.Debug|Any CPU.ActiveCfg = Debug|Any CPU
		{C5235EAD-6B2A-4A7A-8232-227B7ABF93D5}.Debug|Any CPU.Build.0 = Debug|Any CPU
		{C5235EAD-6B2A-4A7A-8232-227B7ABF93D5}.Release|Any CPU.ActiveCfg = Release|Any CPU
		{C5235EAD-6B2A-4A7A-8232-227B7ABF93D5}.Release|Any CPU.Build.0 = Release|Any CPU
		{4507B9E6-9368-4CF2-BED4-FBF4E22FF6A6}.Debug|Any CPU.ActiveCfg = Debug|Any CPU
		{4507B9E6-9368-4CF2-BED4-FBF4E22FF6A6}.Debug|Any CPU.Build.0 = Debug|Any CPU
		{4507B9E6-9368-4CF2-BED4-FBF4E22FF6A6}.Release|Any CPU.ActiveCfg = Release|Any CPU
		{4507B9E6-9368-4CF2-BED4-FBF4E22FF6A6}.Release|Any CPU.Build.0 = Release|Any CPU
		{49B091B2-6DE1-422B-93D6-4E886D529831}.Debug|Any CPU.ActiveCfg = Debug|Any CPU
		{49B091B2-6DE1-422B-93D6-4E886D529831}.Debug|Any CPU.Build.0 = Debug|Any CPU
		{49B091B2-6DE1-422B-93D6-4E886D529831}.Release|Any CPU.ActiveCfg = Release|Any CPU
		{49B091B2-6DE1-422B-93D6-4E886D529831}.Release|Any CPU.Build.0 = Release|Any CPU
		{DDC2DA58-924E-43B1-87EB-ABDC8EB74621}.Debug|Any CPU.ActiveCfg = Debug|Any CPU
		{DDC2DA58-924E-43B1-87EB-ABDC8EB74621}.Debug|Any CPU.Build.0 = Debug|Any CPU
		{DDC2DA58-924E-43B1-87EB-ABDC8EB74621}.Release|Any CPU.ActiveCfg = Release|Any CPU
		{DDC2DA58-924E-43B1-87EB-ABDC8EB74621}.Release|Any CPU.Build.0 = Release|Any CPU
		{BB5537C0-B98A-4490-928E-8CC48A84D753}.Debug|Any CPU.ActiveCfg = Debug|Any CPU
		{BB5537C0-B98A-4490-928E-8CC48A84D753}.Debug|Any CPU.Build.0 = Debug|Any CPU
		{BB5537C0-B98A-4490-928E-8CC48A84D753}.Release|Any CPU.ActiveCfg = Release|Any CPU
		{BB5537C0-B98A-4490-928E-8CC48A84D753}.Release|Any CPU.Build.0 = Release|Any CPU
		{99FE6F88-44BF-4F73-9B55-896A1083DE68}.Debug|Any CPU.ActiveCfg = Debug|Any CPU
		{99FE6F88-44BF-4F73-9B55-896A1083DE68}.Debug|Any CPU.Build.0 = Debug|Any CPU
		{99FE6F88-44BF-4F73-9B55-896A1083DE68}.Release|Any CPU.ActiveCfg = Release|Any CPU
		{99FE6F88-44BF-4F73-9B55-896A1083DE68}.Release|Any CPU.Build.0 = Release|Any CPU
		{E2511686-C792-4367-A9F4-509ED599691F}.Debug|Any CPU.ActiveCfg = Debug|Any CPU
		{E2511686-C792-4367-A9F4-509ED599691F}.Debug|Any CPU.Build.0 = Debug|Any CPU
		{E2511686-C792-4367-A9F4-509ED599691F}.Release|Any CPU.ActiveCfg = Release|Any CPU
		{E2511686-C792-4367-A9F4-509ED599691F}.Release|Any CPU.Build.0 = Release|Any CPU
		{B8A4A6E3-5B9F-4A5C-8F05-9A0399091AB5}.Debug|Any CPU.ActiveCfg = Debug|Any CPU
		{B8A4A6E3-5B9F-4A5C-8F05-9A0399091AB5}.Debug|Any CPU.Build.0 = Debug|Any CPU
		{B8A4A6E3-5B9F-4A5C-8F05-9A0399091AB5}.Release|Any CPU.ActiveCfg = Release|Any CPU
		{B8A4A6E3-5B9F-4A5C-8F05-9A0399091AB5}.Release|Any CPU.Build.0 = Release|Any CPU
		{F25A8C12-DEA5-4306-B87B-39040A109D48}.Debug|Any CPU.ActiveCfg = Debug|Any CPU
		{F25A8C12-DEA5-4306-B87B-39040A109D48}.Debug|Any CPU.Build.0 = Debug|Any CPU
		{F25A8C12-DEA5-4306-B87B-39040A109D48}.Release|Any CPU.ActiveCfg = Release|Any CPU
		{F25A8C12-DEA5-4306-B87B-39040A109D48}.Release|Any CPU.Build.0 = Release|Any CPU
		{8966DEB2-649A-478A-B011-42A6E9D685AF}.Debug|Any CPU.ActiveCfg = Debug|Any CPU
		{8966DEB2-649A-478A-B011-42A6E9D685AF}.Debug|Any CPU.Build.0 = Debug|Any CPU
		{8966DEB2-649A-478A-B011-42A6E9D685AF}.Release|Any CPU.ActiveCfg = Release|Any CPU
		{8966DEB2-649A-478A-B011-42A6E9D685AF}.Release|Any CPU.Build.0 = Release|Any CPU
		{B5EA6FDA-B4E1-492E-B8BB-4C2741A954B8}.Debug|Any CPU.ActiveCfg = Debug|Any CPU
		{B5EA6FDA-B4E1-492E-B8BB-4C2741A954B8}.Debug|Any CPU.Build.0 = Debug|Any CPU
		{B5EA6FDA-B4E1-492E-B8BB-4C2741A954B8}.Release|Any CPU.ActiveCfg = Release|Any CPU
		{B5EA6FDA-B4E1-492E-B8BB-4C2741A954B8}.Release|Any CPU.Build.0 = Release|Any CPU
		{F7FECBC3-3581-4C45-B7FA-6B9AB9888159}.Debug|Any CPU.ActiveCfg = Debug|Any CPU
		{F7FECBC3-3581-4C45-B7FA-6B9AB9888159}.Debug|Any CPU.Build.0 = Debug|Any CPU
		{F7FECBC3-3581-4C45-B7FA-6B9AB9888159}.Release|Any CPU.ActiveCfg = Release|Any CPU
		{F7FECBC3-3581-4C45-B7FA-6B9AB9888159}.Release|Any CPU.Build.0 = Release|Any CPU
		{EDDA9371-5203-4E77-9462-CFAB05D81C58}.Debug|Any CPU.ActiveCfg = Debug|Any CPU
		{EDDA9371-5203-4E77-9462-CFAB05D81C58}.Debug|Any CPU.Build.0 = Debug|Any CPU
		{EDDA9371-5203-4E77-9462-CFAB05D81C58}.Release|Any CPU.ActiveCfg = Release|Any CPU
		{EDDA9371-5203-4E77-9462-CFAB05D81C58}.Release|Any CPU.Build.0 = Release|Any CPU
		{6B50DDC4-C9D2-4120-8C04-6B46C36CD30B}.Debug|Any CPU.ActiveCfg = Debug|Any CPU
		{6B50DDC4-C9D2-4120-8C04-6B46C36CD30B}.Debug|Any CPU.Build.0 = Debug|Any CPU
		{6B50DDC4-C9D2-4120-8C04-6B46C36CD30B}.Release|Any CPU.ActiveCfg = Release|Any CPU
		{6B50DDC4-C9D2-4120-8C04-6B46C36CD30B}.Release|Any CPU.Build.0 = Release|Any CPU
		{7C8719FC-113E-4664-9F64-4C8DE73A62A5}.Debug|Any CPU.ActiveCfg = Debug|Any CPU
		{7C8719FC-113E-4664-9F64-4C8DE73A62A5}.Debug|Any CPU.Build.0 = Debug|Any CPU
		{7C8719FC-113E-4664-9F64-4C8DE73A62A5}.Release|Any CPU.ActiveCfg = Release|Any CPU
		{7C8719FC-113E-4664-9F64-4C8DE73A62A5}.Release|Any CPU.Build.0 = Release|Any CPU
		{6B63C4E9-D030-4C30-902E-51E745BDB8AD}.Debug|Any CPU.ActiveCfg = Debug|Any CPU
		{6B63C4E9-D030-4C30-902E-51E745BDB8AD}.Debug|Any CPU.Build.0 = Debug|Any CPU
		{6B63C4E9-D030-4C30-902E-51E745BDB8AD}.Release|Any CPU.ActiveCfg = Release|Any CPU
		{6B63C4E9-D030-4C30-902E-51E745BDB8AD}.Release|Any CPU.Build.0 = Release|Any CPU
	EndGlobalSection
EndGlobal
